
Microsoft Visual Studio Solution File, Format Version 12.00
# Visual Studio Version 16
VisualStudioVersion = 16.0.29806.167
MinimumVisualStudioVersion = 10.0.40219.1
Project("{FAE04EC0-301F-11D3-BF4B-00C04F79EFBC}") = "BookStoreConsole", "src\BookStoreConsole\BookStoreConsole.csproj", "{E1C918DE-EC74-43D0-A640-DBEBAF86CEE5}"
EndProject
Project("{2150E333-8FDC-42A3-9474-1A3956D46DE8}") = "Tests", "Tests", "{9DE19CB5-90D6-42B3-91F4-2A36E700ACD9}"
EndProject
Project("{FAE04EC0-301F-11D3-BF4B-00C04F79EFBC}") = "BookStore.Core", "src\BookStore.Core\BookStore.Core.csproj", "{5444E337-759B-4863-BE7D-ABCCC34E70D5}"
EndProject
Project("{FAE04EC0-301F-11D3-BF4B-00C04F79EFBC}") = "BookStore.Data", "src\BookStore.Data\BookStore.Data.csproj", "{ABFF38EB-BD94-48FA-B828-85591CA370E4}"
EndProject
Global
	GlobalSection(SolutionConfigurationPlatforms) = preSolution
		Debug|Any CPU = Debug|Any CPU
		Release|Any CPU = Release|Any CPU
	EndGlobalSection
	GlobalSection(ProjectConfigurationPlatforms) = postSolution
		{E1C918DE-EC74-43D0-A640-DBEBAF86CEE5}.Debug|Any CPU.ActiveCfg = Debug|Any CPU
		{E1C918DE-EC74-43D0-A640-DBEBAF86CEE5}.Debug|Any CPU.Build.0 = Debug|Any CPU
		{E1C918DE-EC74-43D0-A640-DBEBAF86CEE5}.Release|Any CPU.ActiveCfg = Release|Any CPU
		{E1C918DE-EC74-43D0-A640-DBEBAF86CEE5}.Release|Any CPU.Build.0 = Release|Any CPU
		{5444E337-759B-4863-BE7D-ABCCC34E70D5}.Debug|Any CPU.ActiveCfg = Debug|Any CPU
		{5444E337-759B-4863-BE7D-ABCCC34E70D5}.Debug|Any CPU.Build.0 = Debug|Any CPU
		{5444E337-759B-4863-BE7D-ABCCC34E70D5}.Release|Any CPU.ActiveCfg = Release|Any CPU
		{5444E337-759B-4863-BE7D-ABCCC34E70D5}.Release|Any CPU.Build.0 = Release|Any CPU
		{ABFF38EB-BD94-48FA-B828-85591CA370E4}.Debug|Any CPU.ActiveCfg = Debug|Any CPU
		{ABFF38EB-BD94-48FA-B828-85591CA370E4}.Debug|Any CPU.Build.0 = Debug|Any CPU
		{ABFF38EB-BD94-48FA-B828-85591CA370E4}.Release|Any CPU.ActiveCfg = Release|Any CPU
		{ABFF38EB-BD94-48FA-B828-85591CA370E4}.Release|Any CPU.Build.0 = Release|Any CPU
	EndGlobalSection
	GlobalSection(SolutionProperties) = preSolution
		HideSolutionNode = FALSE
	EndGlobalSection
	GlobalSection(ExtensibilityGlobals) = postSolution
		SolutionGuid = {C3047456-18A5-4431-823C-CC47F05BAE26}
	EndGlobalSection
EndGlobal
